
Microsoft Visual Studio Solution File, Format Version 12.00
# Visual Studio 2013
VisualStudioVersion = 12.0.30501.0
MinimumVisualStudioVersion = 10.0.40219.1
Project("{FAE04EC0-301F-11D3-BF4B-00C04F79EFBC}") = "DPA_Musicsheets", "DPA_Musicsheets\DPA_Musicsheets.csproj", "{78BC0C32-8B72-44D2-BA4D-20E3A0A046D4}"
EndProject
Project("{FAE04EC0-301F-11D3-BF4B-00C04F79EFBC}") = "DPA_Musicsheets.Core", "DPA_Musicsheets.Core\DPA_Musicsheets.Core.csproj", "{97C1BEEE-EADD-4F3B-A574-214E64C9E18A}"
EndProject
Project("{F088123C-0E9E-452A-89E6-6BA2F21D5CAC}") = "DPA_Musicsheets.Architecture", "DPA_Musicsheets.Architecture\DPA_Musicsheets.Architecture.modelproj", "{91F04FA3-12FC-4233-8E21-65B44AAF404B}"
EndProject
Project("{FAE04EC0-301F-11D3-BF4B-00C04F79EFBC}") = "DPA_Musicsheets.MidiPlugin", "DPA_Musicsheets.MidiPlugin\DPA_Musicsheets.MidiPlugin.csproj", "{38D61AD4-C394-4D57-A12A-35F589F9678E}"
EndProject
Project("{FAE04EC0-301F-11D3-BF4B-00C04F79EFBC}") = "DPA_MusicSheets.Terminal", "DPA_MusicSheets.Terminal\DPA_MusicSheets.Terminal.csproj", "{A0E3F4D1-A1F1-48AF-94B4-516EA86BAE2D}"
EndProject
Project("{FAE04EC0-301F-11D3-BF4B-00C04F79EFBC}") = "DPA_Musicsheets.VisualNotesPlugin", "DPA_Musicsheets.VisualNotesPlugin\DPA_Musicsheets.VisualNotesPlugin.csproj", "{1579AE09-7D47-420A-BE77-19D833E8008C}"
EndProject
Global
	GlobalSection(SolutionConfigurationPlatforms) = preSolution
		Debug|Any CPU = Debug|Any CPU
		Release|Any CPU = Release|Any CPU
	EndGlobalSection
	GlobalSection(ProjectConfigurationPlatforms) = postSolution
		{78BC0C32-8B72-44D2-BA4D-20E3A0A046D4}.Debug|Any CPU.ActiveCfg = Debug|Any CPU
		{78BC0C32-8B72-44D2-BA4D-20E3A0A046D4}.Debug|Any CPU.Build.0 = Debug|Any CPU
		{78BC0C32-8B72-44D2-BA4D-20E3A0A046D4}.Release|Any CPU.ActiveCfg = Release|Any CPU
		{78BC0C32-8B72-44D2-BA4D-20E3A0A046D4}.Release|Any CPU.Build.0 = Release|Any CPU
		{97C1BEEE-EADD-4F3B-A574-214E64C9E18A}.Debug|Any CPU.ActiveCfg = Debug|Any CPU
		{97C1BEEE-EADD-4F3B-A574-214E64C9E18A}.Debug|Any CPU.Build.0 = Debug|Any CPU
		{97C1BEEE-EADD-4F3B-A574-214E64C9E18A}.Release|Any CPU.ActiveCfg = Release|Any CPU
		{97C1BEEE-EADD-4F3B-A574-214E64C9E18A}.Release|Any CPU.Build.0 = Release|Any CPU
		{91F04FA3-12FC-4233-8E21-65B44AAF404B}.Debug|Any CPU.ActiveCfg = Debug|Any CPU
		{91F04FA3-12FC-4233-8E21-65B44AAF404B}.Debug|Any CPU.Build.0 = Debug|Any CPU
		{91F04FA3-12FC-4233-8E21-65B44AAF404B}.Release|Any CPU.ActiveCfg = Release|Any CPU
		{91F04FA3-12FC-4233-8E21-65B44AAF404B}.Release|Any CPU.Build.0 = Release|Any CPU
		{38D61AD4-C394-4D57-A12A-35F589F9678E}.Debug|Any CPU.ActiveCfg = Debug|Any CPU
		{38D61AD4-C394-4D57-A12A-35F589F9678E}.Debug|Any CPU.Build.0 = Debug|Any CPU
		{38D61AD4-C394-4D57-A12A-35F589F9678E}.Release|Any CPU.ActiveCfg = Release|Any CPU
		{38D61AD4-C394-4D57-A12A-35F589F9678E}.Release|Any CPU.Build.0 = Release|Any CPU
		{A0E3F4D1-A1F1-48AF-94B4-516EA86BAE2D}.Debug|Any CPU.ActiveCfg = Debug|Any CPU
		{A0E3F4D1-A1F1-48AF-94B4-516EA86BAE2D}.Debug|Any CPU.Build.0 = Debug|Any CPU
		{A0E3F4D1-A1F1-48AF-94B4-516EA86BAE2D}.Release|Any CPU.ActiveCfg = Release|Any CPU
		{A0E3F4D1-A1F1-48AF-94B4-516EA86BAE2D}.Release|Any CPU.Build.0 = Release|Any CPU
		{1579AE09-7D47-420A-BE77-19D833E8008C}.Debug|Any CPU.ActiveCfg = Debug|Any CPU
		{1579AE09-7D47-420A-BE77-19D833E8008C}.Debug|Any CPU.Build.0 = Debug|Any CPU
		{1579AE09-7D47-420A-BE77-19D833E8008C}.Release|Any CPU.ActiveCfg = Release|Any CPU
		{1579AE09-7D47-420A-BE77-19D833E8008C}.Release|Any CPU.Build.0 = Release|Any CPU
	EndGlobalSection
	GlobalSection(SolutionProperties) = preSolution
		HideSolutionNode = FALSE
	EndGlobalSection
EndGlobal
