
Microsoft Visual Studio Solution File, Format Version 12.00
# Visual Studio 14
VisualStudioVersion = 14.0.25420.1
MinimumVisualStudioVersion = 10.0.40219.1
Project("{FAE04EC0-301F-11D3-BF4B-00C04F79EFBC}") = "DPA_Musicsheets", "DPA_Musicsheets\DPA_Musicsheets.csproj", "{78BC0C32-8B72-44D2-BA4D-20E3A0A046D4}"
EndProject
Project("{FAE04EC0-301F-11D3-BF4B-00C04F79EFBC}") = "DPA_Musicsheets.Core", "DPA_Musicsheets.Core\DPA_Musicsheets.Core.csproj", "{6D1686E6-0993-430F-A1B6-B78D10E28746}"
EndProject
Project("{FAE04EC0-301F-11D3-BF4B-00C04F79EFBC}") = "DPA_Musicsheets.MidiPlugin", "DPA_Musicsheets.MidiPlugin\DPA_Musicsheets.MidiPlugin.csproj", "{E6E776B2-584E-47B3-BF04-AB0E3B63B453}"
EndProject
Project("{FAE04EC0-301F-11D3-BF4B-00C04F79EFBC}") = "DPA_Musicsheets.LilypondPlugin", "DPA_Musicsheets.LilypondPlugin\DPA_Musicsheets.LilypondPlugin.csproj", "{7BDBB5EE-8002-4E71-B04D-0C5C7225BDC9}"
EndProject
Global
	GlobalSection(SolutionConfigurationPlatforms) = preSolution
		Debug|Any CPU = Debug|Any CPU
		Release|Any CPU = Release|Any CPU
	EndGlobalSection
	GlobalSection(ProjectConfigurationPlatforms) = postSolution
		{78BC0C32-8B72-44D2-BA4D-20E3A0A046D4}.Debug|Any CPU.ActiveCfg = Debug|Any CPU
		{78BC0C32-8B72-44D2-BA4D-20E3A0A046D4}.Debug|Any CPU.Build.0 = Debug|Any CPU
		{78BC0C32-8B72-44D2-BA4D-20E3A0A046D4}.Release|Any CPU.ActiveCfg = Release|Any CPU
		{78BC0C32-8B72-44D2-BA4D-20E3A0A046D4}.Release|Any CPU.Build.0 = Release|Any CPU
		{6D1686E6-0993-430F-A1B6-B78D10E28746}.Debug|Any CPU.ActiveCfg = Debug|Any CPU
		{6D1686E6-0993-430F-A1B6-B78D10E28746}.Debug|Any CPU.Build.0 = Debug|Any CPU
		{6D1686E6-0993-430F-A1B6-B78D10E28746}.Release|Any CPU.ActiveCfg = Release|Any CPU
		{6D1686E6-0993-430F-A1B6-B78D10E28746}.Release|Any CPU.Build.0 = Release|Any CPU
		{E6E776B2-584E-47B3-BF04-AB0E3B63B453}.Debug|Any CPU.ActiveCfg = Debug|Any CPU
		{E6E776B2-584E-47B3-BF04-AB0E3B63B453}.Debug|Any CPU.Build.0 = Debug|Any CPU
		{E6E776B2-584E-47B3-BF04-AB0E3B63B453}.Release|Any CPU.ActiveCfg = Release|Any CPU
		{E6E776B2-584E-47B3-BF04-AB0E3B63B453}.Release|Any CPU.Build.0 = Release|Any CPU
		{7BDBB5EE-8002-4E71-B04D-0C5C7225BDC9}.Debug|Any CPU.ActiveCfg = Debug|Any CPU
		{7BDBB5EE-8002-4E71-B04D-0C5C7225BDC9}.Debug|Any CPU.Build.0 = Debug|Any CPU
		{7BDBB5EE-8002-4E71-B04D-0C5C7225BDC9}.Release|Any CPU.ActiveCfg = Release|Any CPU
		{7BDBB5EE-8002-4E71-B04D-0C5C7225BDC9}.Release|Any CPU.Build.0 = Release|Any CPU
	EndGlobalSection
	GlobalSection(SolutionProperties) = preSolution
		HideSolutionNode = FALSE
	EndGlobalSection
EndGlobal
